// !$*UTF8*$!
{
	archiveVersion = 1;
	classes = {
	};
	objectVersion = 56;
	objects = {

/* Begin PBXBuildFile section */
		54330C512C5603F000D01B4A /* CornerRadius.swift in Sources */ = {isa = PBXBuildFile; fileRef = 54330C502C5603F000D01B4A /* CornerRadius.swift */; };
		548C7D442C47ED81004B7C94 /* Country_ListApp.swift in Sources */ = {isa = PBXBuildFile; fileRef = 548C7D432C47ED81004B7C94 /* Country_ListApp.swift */; };
		548C7D462C47ED81004B7C94 /* ContentView.swift in Sources */ = {isa = PBXBuildFile; fileRef = 548C7D452C47ED81004B7C94 /* ContentView.swift */; };
		548C7D482C47ED83004B7C94 /* Assets.xcassets in Resources */ = {isa = PBXBuildFile; fileRef = 548C7D472C47ED83004B7C94 /* Assets.xcassets */; };
		548C7D4B2C47ED83004B7C94 /* Preview Assets.xcassets in Resources */ = {isa = PBXBuildFile; fileRef = 548C7D4A2C47ED83004B7C94 /* Preview Assets.xcassets */; };
		548C7D532C47EE02004B7C94 /* CountryScreen.swift in Sources */ = {isa = PBXBuildFile; fileRef = 548C7D522C47EE02004B7C94 /* CountryScreen.swift */; };
		548C7D552C47EE17004B7C94 /* ListView.swift in Sources */ = {isa = PBXBuildFile; fileRef = 548C7D542C47EE17004B7C94 /* ListView.swift */; };
		548C7D572C47EE76004B7C94 /* CountryModel.swift in Sources */ = {isa = PBXBuildFile; fileRef = 548C7D562C47EE76004B7C94 /* CountryModel.swift */; };
/* End PBXBuildFile section */

/* Begin PBXFileReference section */
		54330C502C5603F000D01B4A /* CornerRadius.swift */ = {isa = PBXFileReference; lastKnownFileType = sourcecode.swift; path = CornerRadius.swift; sourceTree = "<group>"; };
		548C7D402C47ED81004B7C94 /* Country_List.app */ = {isa = PBXFileReference; explicitFileType = wrapper.application; includeInIndex = 0; path = Country_List.app; sourceTree = BUILT_PRODUCTS_DIR; };
		548C7D432C47ED81004B7C94 /* Country_ListApp.swift */ = {isa = PBXFileReference; lastKnownFileType = sourcecode.swift; path = Country_ListApp.swift; sourceTree = "<group>"; };
		548C7D452C47ED81004B7C94 /* ContentView.swift */ = {isa = PBXFileReference; lastKnownFileType = sourcecode.swift; path = ContentView.swift; sourceTree = "<group>"; };
		548C7D472C47ED83004B7C94 /* Assets.xcassets */ = {isa = PBXFileReference; lastKnownFileType = folder.assetcatalog; path = Assets.xcassets; sourceTree = "<group>"; };
		548C7D4A2C47ED83004B7C94 /* Preview Assets.xcassets */ = {isa = PBXFileReference; lastKnownFileType = folder.assetcatalog; path = "Preview Assets.xcassets"; sourceTree = "<group>"; };
		548C7D522C47EE02004B7C94 /* CountryScreen.swift */ = {isa = PBXFileReference; lastKnownFileType = sourcecode.swift; path = CountryScreen.swift; sourceTree = "<group>"; };
		548C7D542C47EE17004B7C94 /* ListView.swift */ = {isa = PBXFileReference; lastKnownFileType = sourcecode.swift; path = ListView.swift; sourceTree = "<group>"; };
		548C7D562C47EE76004B7C94 /* CountryModel.swift */ = {isa = PBXFileReference; lastKnownFileType = sourcecode.swift; path = CountryModel.swift; sourceTree = "<group>"; };
/* End PBXFileReference section */

/* Begin PBXFrameworksBuildPhase section */
		548C7D3D2C47ED81004B7C94 /* Frameworks */ = {
			isa = PBXFrameworksBuildPhase;
			buildActionMask = 2147483647;
			files = (
			);
			runOnlyForDeploymentPostprocessing = 0;
		};
/* End PBXFrameworksBuildPhase section */

/* Begin PBXGroup section */
		54330C4F2C5603CB00D01B4A /* Modifiers */ = {
			isa = PBXGroup;
			children = (
				54330C502C5603F000D01B4A /* CornerRadius.swift */,
			);
			path = Modifiers;
			sourceTree = "<group>";
		};
		548C7D372C47ED81004B7C94 = {
			isa = PBXGroup;
			children = (
				548C7D422C47ED81004B7C94 /* Country_List */,
				548C7D412C47ED81004B7C94 /* Products */,
			);
			sourceTree = "<group>";
		};
		548C7D412C47ED81004B7C94 /* Products */ = {
			isa = PBXGroup;
			children = (
				548C7D402C47ED81004B7C94 /* Country_List.app */,
			);
			name = Products;
			sourceTree = "<group>";
		};
		548C7D422C47ED81004B7C94 /* Country_List */ = {
			isa = PBXGroup;
			children = (
				548C7D512C47EDEC004B7C94 /* List */,
				548C7D432C47ED81004B7C94 /* Country_ListApp.swift */,
				548C7D452C47ED81004B7C94 /* ContentView.swift */,
				548C7D472C47ED83004B7C94 /* Assets.xcassets */,
				548C7D492C47ED83004B7C94 /* Preview Content */,
			);
			path = Country_List;
			sourceTree = "<group>";
		};
		548C7D492C47ED83004B7C94 /* Preview Content */ = {
			isa = PBXGroup;
			children = (
				548C7D4A2C47ED83004B7C94 /* Preview Assets.xcassets */,
			);
			path = "Preview Content";
			sourceTree = "<group>";
		};
		548C7D512C47EDEC004B7C94 /* List */ = {
			isa = PBXGroup;
			children = (
				54330C4F2C5603CB00D01B4A /* Modifiers */,
				548C7D522C47EE02004B7C94 /* CountryScreen.swift */,
				548C7D542C47EE17004B7C94 /* ListView.swift */,
				548C7D562C47EE76004B7C94 /* CountryModel.swift */,
			);
			path = List;
			sourceTree = "<group>";
		};
/* End PBXGroup section */

/* Begin PBXNativeTarget section */
		548C7D3F2C47ED81004B7C94 /* Country_List */ = {
			isa = PBXNativeTarget;
			buildConfigurationList = 548C7D4E2C47ED83004B7C94 /* Build configuration list for PBXNativeTarget "Country_List" */;
			buildPhases = (
				548C7D3C2C47ED81004B7C94 /* Sources */,
				548C7D3D2C47ED81004B7C94 /* Frameworks */,
				548C7D3E2C47ED81004B7C94 /* Resources */,
			);
			buildRules = (
			);
			dependencies = (
			);
			name = Country_List;
			productName = Country_List;
			productReference = 548C7D402C47ED81004B7C94 /* Country_List.app */;
			productType = "com.apple.product-type.application";
		};
/* End PBXNativeTarget section */

/* Begin PBXProject section */
		548C7D382C47ED81004B7C94 /* Project object */ = {
			isa = PBXProject;
			attributes = {
				BuildIndependentTargetsInParallel = 1;
				LastSwiftUpdateCheck = 1540;
				LastUpgradeCheck = 1540;
				TargetAttributes = {
					548C7D3F2C47ED81004B7C94 = {
						CreatedOnToolsVersion = 15.4;
					};
				};
			};
			buildConfigurationList = 548C7D3B2C47ED81004B7C94 /* Build configuration list for PBXProject "Country_List" */;
			compatibilityVersion = "Xcode 14.0";
			developmentRegion = en;
			hasScannedForEncodings = 0;
			knownRegions = (
				en,
				Base,
			);
			mainGroup = 548C7D372C47ED81004B7C94;
			productRefGroup = 548C7D412C47ED81004B7C94 /* Products */;
			projectDirPath = "";
			projectRoot = "";
			targets = (
				548C7D3F2C47ED81004B7C94 /* Country_List */,
			);
		};
/* End PBXProject section */

/* Begin PBXResourcesBuildPhase section */
		548C7D3E2C47ED81004B7C94 /* Resources */ = {
			isa = PBXResourcesBuildPhase;
			buildActionMask = 2147483647;
			files = (
				548C7D4B2C47ED83004B7C94 /* Preview Assets.xcassets in Resources */,
				548C7D482C47ED83004B7C94 /* Assets.xcassets in Resources */,
			);
			runOnlyForDeploymentPostprocessing = 0;
		};
/* End PBXResourcesBuildPhase section */

/* Begin PBXSourcesBuildPhase section */
		548C7D3C2C47ED81004B7C94 /* Sources */ = {
			isa = PBXSourcesBuildPhase;
			buildActionMask = 2147483647;
			files = (
				548C7D552C47EE17004B7C94 /* ListView.swift in Sources */,
				548C7D462C47ED81004B7C94 /* ContentView.swift in Sources */,
				54330C512C5603F000D01B4A /* CornerRadius.swift in Sources */,
				548C7D532C47EE02004B7C94 /* CountryScreen.swift in Sources */,
				548C7D442C47ED81004B7C94 /* Country_ListApp.swift in Sources */,
				548C7D572C47EE76004B7C94 /* CountryModel.swift in Sources */,
			);
			runOnlyForDeploymentPostprocessing = 0;
		};
/* End PBXSourcesBuildPhase section */

/* Begin XCBuildConfiguration section */
		548C7D4C2C47ED83004B7C94 /* Debug */ = {
			isa = XCBuildConfiguration;
			buildSettings = {
				ALWAYS_SEARCH_USER_PATHS = NO;
				ASSETCATALOG_COMPILER_GENERATE_SWIFT_ASSET_SYMBOL_EXTENSIONS = YES;
				CLANG_ANALYZER_NONNULL = YES;
				CLANG_ANALYZER_NUMBER_OBJECT_CONVERSION = YES_AGGRESSIVE;
				CLANG_CXX_LANGUAGE_STANDARD = "gnu++20";
				CLANG_ENABLE_MODULES = YES;
				CLANG_ENABLE_OBJC_ARC = YES;
				CLANG_ENABLE_OBJC_WEAK = YES;
				CLANG_WARN_BLOCK_CAPTURE_AUTORELEASING = YES;
				CLANG_WARN_BOOL_CONVERSION = YES;
				CLANG_WARN_COMMA = YES;
				CLANG_WARN_CONSTANT_CONVERSION = YES;
				CLANG_WARN_DEPRECATED_OBJC_IMPLEMENTATIONS = YES;
				CLANG_WARN_DIRECT_OBJC_ISA_USAGE = YES_ERROR;
				CLANG_WARN_DOCUMENTATION_COMMENTS = YES;
				CLANG_WARN_EMPTY_BODY = YES;
				CLANG_WARN_ENUM_CONVERSION = YES;
				CLANG_WARN_INFINITE_RECURSION = YES;
				CLANG_WARN_INT_CONVERSION = YES;
				CLANG_WARN_NON_LITERAL_NULL_CONVERSION = YES;
				CLANG_WARN_OBJC_IMPLICIT_RETAIN_SELF = YES;
				CLANG_WARN_OBJC_LITERAL_CONVERSION = YES;
				CLANG_WARN_OBJC_ROOT_CLASS = YES_ERROR;
				CLANG_WARN_QUOTED_INCLUDE_IN_FRAMEWORK_HEADER = YES;
				CLANG_WARN_RANGE_LOOP_ANALYSIS = YES;
				CLANG_WARN_STRICT_PROTOTYPES = YES;
				CLANG_WARN_SUSPICIOUS_MOVE = YES;
				CLANG_WARN_UNGUARDED_AVAILABILITY = YES_AGGRESSIVE;
				CLANG_WARN_UNREACHABLE_CODE = YES;
				CLANG_WARN__DUPLICATE_METHOD_MATCH = YES;
				COPY_PHASE_STRIP = NO;
				DEBUG_INFORMATION_FORMAT = dwarf;
				ENABLE_STRICT_OBJC_MSGSEND = YES;
				ENABLE_TESTABILITY = YES;
				ENABLE_USER_SCRIPT_SANDBOXING = YES;
				GCC_C_LANGUAGE_STANDARD = gnu17;
				GCC_DYNAMIC_NO_PIC = NO;
				GCC_NO_COMMON_BLOCKS = YES;
				GCC_OPTIMIZATION_LEVEL = 0;
				GCC_PREPROCESSOR_DEFINITIONS = (
					"DEBUG=1",
					"$(inherited)",
				);
				GCC_WARN_64_TO_32_BIT_CONVERSION = YES;
				GCC_WARN_ABOUT_RETURN_TYPE = YES_ERROR;
				GCC_WARN_UNDECLARED_SELECTOR = YES;
				GCC_WARN_UNINITIALIZED_AUTOS = YES_AGGRESSIVE;
				GCC_WARN_UNUSED_FUNCTION = YES;
				GCC_WARN_UNUSED_VARIABLE = YES;
				IPHONEOS_DEPLOYMENT_TARGET = 17.5;
				LOCALIZATION_PREFERS_STRING_CATALOGS = YES;
				MTL_ENABLE_DEBUG_INFO = INCLUDE_SOURCE;
				MTL_FAST_MATH = YES;
				ONLY_ACTIVE_ARCH = YES;
				SDKROOT = iphoneos;
				SWIFT_ACTIVE_COMPILATION_CONDITIONS = "DEBUG $(inherited)";
				SWIFT_OPTIMIZATION_LEVEL = "-Onone";
			};
			name = Debug;
		};
		548C7D4D2C47ED83004B7C94 /* Release */ = {
			isa = XCBuildConfiguration;
			buildSettings = {
				ALWAYS_SEARCH_USER_PATHS = NO;
				ASSETCATALOG_COMPILER_GENERATE_SWIFT_ASSET_SYMBOL_EXTENSIONS = YES;
				CLANG_ANALYZER_NONNULL = YES;
				CLANG_ANALYZER_NUMBER_OBJECT_CONVERSION = YES_AGGRESSIVE;
				CLANG_CXX_LANGUAGE_STANDARD = "gnu++20";
				CLANG_ENABLE_MODULES = YES;
				CLANG_ENABLE_OBJC_ARC = YES;
				CLANG_ENABLE_OBJC_WEAK = YES;
				CLANG_WARN_BLOCK_CAPTURE_AUTORELEASING = YES;
				CLANG_WARN_BOOL_CONVERSION = YES;
				CLANG_WARN_COMMA = YES;
				CLANG_WARN_CONSTANT_CONVERSION = YES;
				CLANG_WARN_DEPRECATED_OBJC_IMPLEMENTATIONS = YES;
				CLANG_WARN_DIRECT_OBJC_ISA_USAGE = YES_ERROR;
				CLANG_WARN_DOCUMENTATION_COMMENTS = YES;
				CLANG_WARN_EMPTY_BODY = YES;
				CLANG_WARN_ENUM_CONVERSION = YES;
				CLANG_WARN_INFINITE_RECURSION = YES;
				CLANG_WARN_INT_CONVERSION = YES;
				CLANG_WARN_NON_LITERAL_NULL_CONVERSION = YES;
				CLANG_WARN_OBJC_IMPLICIT_RETAIN_SELF = YES;
				CLANG_WARN_OBJC_LITERAL_CONVERSION = YES;
				CLANG_WARN_OBJC_ROOT_CLASS = YES_ERROR;
				CLANG_WARN_QUOTED_INCLUDE_IN_FRAMEWORK_HEADER = YES;
				CLANG_WARN_RANGE_LOOP_ANALYSIS = YES;
				CLANG_WARN_STRICT_PROTOTYPES = YES;
				CLANG_WARN_SUSPICIOUS_MOVE = YES;
				CLANG_WARN_UNGUARDED_AVAILABILITY = YES_AGGRESSIVE;
				CLANG_WARN_UNREACHABLE_CODE = YES;
				CLANG_WARN__DUPLICATE_METHOD_MATCH = YES;
				COPY_PHASE_STRIP = NO;
				DEBUG_INFORMATION_FORMAT = "dwarf-with-dsym";
				ENABLE_NS_ASSERTIONS = NO;
				ENABLE_STRICT_OBJC_MSGSEND = YES;
				ENABLE_USER_SCRIPT_SANDBOXING = YES;
				GCC_C_LANGUAGE_STANDARD = gnu17;
				GCC_NO_COMMON_BLOCKS = YES;
				GCC_WARN_64_TO_32_BIT_CONVERSION = YES;
				GCC_WARN_ABOUT_RETURN_TYPE = YES_ERROR;
				GCC_WARN_UNDECLARED_SELECTOR = YES;
				GCC_WARN_UNINITIALIZED_AUTOS = YES_AGGRESSIVE;
				GCC_WARN_UNUSED_FUNCTION = YES;
				GCC_WARN_UNUSED_VARIABLE = YES;
				IPHONEOS_DEPLOYMENT_TARGET = 17.5;
				LOCALIZATION_PREFERS_STRING_CATALOGS = YES;
				MTL_ENABLE_DEBUG_INFO = NO;
				MTL_FAST_MATH = YES;
				SDKROOT = iphoneos;
				SWIFT_COMPILATION_MODE = wholemodule;
				VALIDATE_PRODUCT = YES;
			};
			name = Release;
		};
		548C7D4F2C47ED83004B7C94 /* Debug */ = {
			isa = XCBuildConfiguration;
			buildSettings = {
				ASSETCATALOG_COMPILER_APPICON_NAME = AppIcon;
				ASSETCATALOG_COMPILER_GLOBAL_ACCENT_COLOR_NAME = AccentColor;
				CODE_SIGN_STYLE = Automatic;
				CURRENT_PROJECT_VERSION = 1;
				DEVELOPMENT_ASSET_PATHS = "\"Country_List/Preview Content\"";
				DEVELOPMENT_TEAM = D9DTL46TFP;
				ENABLE_PREVIEWS = YES;
				GENERATE_INFOPLIST_FILE = YES;
				INFOPLIST_KEY_UIApplicationSceneManifest_Generation = YES;
				INFOPLIST_KEY_UIApplicationSupportsIndirectInputEvents = YES;
				INFOPLIST_KEY_UILaunchScreen_Generation = YES;
				INFOPLIST_KEY_UISupportedInterfaceOrientations_iPad = "UIInterfaceOrientationPortrait UIInterfaceOrientationPortraitUpsideDown UIInterfaceOrientationLandscapeLeft UIInterfaceOrientationLandscapeRight";
				INFOPLIST_KEY_UISupportedInterfaceOrientations_iPhone = "UIInterfaceOrientationPortrait UIInterfaceOrientationLandscapeLeft UIInterfaceOrientationLandscapeRight";
				LD_RUNPATH_SEARCH_PATHS = (
					"$(inherited)",
					"@executable_path/Frameworks",
				);
				MARKETING_VERSION = 1.0;
				PRODUCT_BUNDLE_IDENTIFIER = "com.vis.Kang.Country-List";
				PRODUCT_NAME = "$(TARGET_NAME)";
				SWIFT_EMIT_LOC_STRINGS = YES;
				SWIFT_VERSION = 5.0;
				TARGETED_DEVICE_FAMILY = "1,2";
			};
			name = Debug;
		};
		548C7D502C47ED83004B7C94 /* Release */ = {
			isa = XCBuildConfiguration;
			buildSettings = {
				ASSETCATALOG_COMPILER_APPICON_NAME = AppIcon;
				ASSETCATALOG_COMPILER_GLOBAL_ACCENT_COLOR_NAME = AccentColor;
				CODE_SIGN_STYLE = Automatic;
				CURRENT_PROJECT_VERSION = 1;
				DEVELOPMENT_ASSET_PATHS = "\"Country_List/Preview Content\"";
				DEVELOPMENT_TEAM = D9DTL46TFP;
				ENABLE_PREVIEWS = YES;
				GENERATE_INFOPLIST_FILE = YES;
				INFOPLIST_KEY_UIApplicationSceneManifest_Generation = YES;
				INFOPLIST_KEY_UIApplicationSupportsIndirectInputEvents = YES;
				INFOPLIST_KEY_UILaunchScreen_Generation = YES;
				INFOPLIST_KEY_UISupportedInterfaceOrientations_iPad = "UIInterfaceOrientationPortrait UIInterfaceOrientationPortraitUpsideDown UIInterfaceOrientationLandscapeLeft UIInterfaceOrientationLandscapeRight";
				INFOPLIST_KEY_UISupportedInterfaceOrientations_iPhone = "UIInterfaceOrientationPortrait UIInterfaceOrientationLandscapeLeft UIInterfaceOrientationLandscapeRight";
				LD_RUNPATH_SEARCH_PATHS = (
					"$(inherited)",
					"@executable_path/Frameworks",
				);
				MARKETING_VERSION = 1.0;
				PRODUCT_BUNDLE_IDENTIFIER = "com.vis.Kang.Country-List";
				PRODUCT_NAME = "$(TARGET_NAME)";
				SWIFT_EMIT_LOC_STRINGS = YES;
				SWIFT_VERSION = 5.0;
				TARGETED_DEVICE_FAMILY = "1,2";
			};
			name = Release;
		};
/* End XCBuildConfiguration section */

/* Begin XCConfigurationList section */
		548C7D3B2C47ED81004B7C94 /* Build configuration list for PBXProject "Country_List" */ = {
			isa = XCConfigurationList;
			buildConfigurations = (
				548C7D4C2C47ED83004B7C94 /* Debug */,
				548C7D4D2C47ED83004B7C94 /* Release */,
			);
			defaultConfigurationIsVisible = 0;
			defaultConfigurationName = Release;
		};
		548C7D4E2C47ED83004B7C94 /* Build configuration list for PBXNativeTarget "Country_List" */ = {
			isa = XCConfigurationList;
			buildConfigurations = (
				548C7D4F2C47ED83004B7C94 /* Debug */,
				548C7D502C47ED83004B7C94 /* Release */,
			);
			defaultConfigurationIsVisible = 0;
			defaultConfigurationName = Release;
		};
/* End XCConfigurationList section */
	};
	rootObject = 548C7D382C47ED81004B7C94 /* Project object */;
}
